
Microsoft Visual Studio Solution File, Format Version 12.00
# Visual Studio Version 16
VisualStudioVersion = 16.0.30204.135
MinimumVisualStudioVersion = 10.0.40219.1
Project("{FAE04EC0-301F-11D3-BF4B-00C04F79EFBC}") = "MyCalc", "MyCalc\MyCalc.csproj", "{65BA3AA9-DFF7-497D-97D1-9B620C9BA813}"
EndProject
Global
	GlobalSection(SolutionConfigurationPlatforms) = preSolution
		Debug|Any CPU = Debug|Any CPU
		Release|Any CPU = Release|Any CPU
	EndGlobalSection
	GlobalSection(ProjectConfigurationPlatforms) = postSolution
		{65BA3AA9-DFF7-497D-97D1-9B620C9BA813}.Debug|Any CPU.ActiveCfg = Debug|Any CPU
		{65BA3AA9-DFF7-497D-97D1-9B620C9BA813}.Debug|Any CPU.Build.0 = Debug|Any CPU
		{65BA3AA9-DFF7-497D-97D1-9B620C9BA813}.Release|Any CPU.ActiveCfg = Release|Any CPU
		{65BA3AA9-DFF7-497D-97D1-9B620C9BA813}.Release|Any CPU.Build.0 = Release|Any CPU
	EndGlobalSection
	GlobalSection(SolutionProperties) = preSolution
		HideSolutionNode = FALSE
	EndGlobalSection
	GlobalSection(ExtensibilityGlobals) = postSolution
		SolutionGuid = {8DC5C280-2CDD-4439-9698-BCB933E15846}
	EndGlobalSection
EndGlobal
